
Microsoft Visual Studio Solution File, Format Version 12.00
# Visual Studio 15
VisualStudioVersion = 15.0.26124.0
MinimumVisualStudioVersion = 15.0.26124.0
Project("{2150E333-8FDC-42A3-9474-1A3956D46DE8}") = "src", "src", "{701EEBC9-3333-46A7-9EC9-97FA07BCD904}"
EndProject
Project("{FAE04EC0-301F-11D3-BF4B-00C04F79EFBC}") = "DemoWebApp", "src\DemoWebApp\DemoWebApp.csproj", "{4B4A13D3-E006-41BA-B72C-B5DAD14EBE72}"
EndProject
Project("{2150E333-8FDC-42A3-9474-1A3956D46DE8}") = "tests", "tests", "{D40A41F9-8EB1-47F9-B0E5-43603077B8F6}"
EndProject
Project("{FAE04EC0-301F-11D3-BF4B-00C04F79EFBC}") = "DemoWebApp.Tests", "tests\DemoWebApp.Tests\DemoWebApp.Tests.csproj", "{DBA863C3-131A-4AEE-8EF1-21C1065A39A3}"
EndProject
Global
	GlobalSection(SolutionConfigurationPlatforms) = preSolution
		Debug|Any CPU = Debug|Any CPU
		Debug|x64 = Debug|x64
		Debug|x86 = Debug|x86
		Release|Any CPU = Release|Any CPU
		Release|x64 = Release|x64
		Release|x86 = Release|x86
	EndGlobalSection
	GlobalSection(SolutionProperties) = preSolution
		HideSolutionNode = FALSE
	EndGlobalSection
	GlobalSection(ProjectConfigurationPlatforms) = postSolution
		{3BE29958-CB74-4D14-B6EC-03D9BCBB75C7}.Debug|Any CPU.ActiveCfg = Debug|Any CPU
		{3BE29958-CB74-4D14-B6EC-03D9BCBB75C7}.Debug|Any CPU.Build.0 = Debug|Any CPU
		{3BE29958-CB74-4D14-B6EC-03D9BCBB75C7}.Debug|x64.ActiveCfg = Debug|Any CPU
		{3BE29958-CB74-4D14-B6EC-03D9BCBB75C7}.Debug|x64.Build.0 = Debug|Any CPU
		{3BE29958-CB74-4D14-B6EC-03D9BCBB75C7}.Debug|x86.ActiveCfg = Debug|Any CPU
		{3BE29958-CB74-4D14-B6EC-03D9BCBB75C7}.Debug|x86.Build.0 = Debug|Any CPU
		{3BE29958-CB74-4D14-B6EC-03D9BCBB75C7}.Release|Any CPU.ActiveCfg = Release|Any CPU
		{3BE29958-CB74-4D14-B6EC-03D9BCBB75C7}.Release|Any CPU.Build.0 = Release|Any CPU
		{3BE29958-CB74-4D14-B6EC-03D9BCBB75C7}.Release|x64.ActiveCfg = Release|Any CPU
		{3BE29958-CB74-4D14-B6EC-03D9BCBB75C7}.Release|x64.Build.0 = Release|Any CPU
		{3BE29958-CB74-4D14-B6EC-03D9BCBB75C7}.Release|x86.ActiveCfg = Release|Any CPU
		{3BE29958-CB74-4D14-B6EC-03D9BCBB75C7}.Release|x86.Build.0 = Release|Any CPU
		{013B9D49-887B-4312-868C-D88464C9ED61}.Debug|Any CPU.ActiveCfg = Debug|Any CPU
		{013B9D49-887B-4312-868C-D88464C9ED61}.Debug|Any CPU.Build.0 = Debug|Any CPU
		{013B9D49-887B-4312-868C-D88464C9ED61}.Debug|x64.ActiveCfg = Debug|Any CPU
		{013B9D49-887B-4312-868C-D88464C9ED61}.Debug|x64.Build.0 = Debug|Any CPU
		{013B9D49-887B-4312-868C-D88464C9ED61}.Debug|x86.ActiveCfg = Debug|Any CPU
		{013B9D49-887B-4312-868C-D88464C9ED61}.Debug|x86.Build.0 = Debug|Any CPU
		{013B9D49-887B-4312-868C-D88464C9ED61}.Release|Any CPU.ActiveCfg = Release|Any CPU
		{013B9D49-887B-4312-868C-D88464C9ED61}.Release|Any CPU.Build.0 = Release|Any CPU
		{013B9D49-887B-4312-868C-D88464C9ED61}.Release|x64.ActiveCfg = Release|Any CPU
		{013B9D49-887B-4312-868C-D88464C9ED61}.Release|x64.Build.0 = Release|Any CPU
		{013B9D49-887B-4312-868C-D88464C9ED61}.Release|x86.ActiveCfg = Release|Any CPU
		{013B9D49-887B-4312-868C-D88464C9ED61}.Release|x86.Build.0 = Release|Any CPU
		{4B4A13D3-E006-41BA-B72C-B5DAD14EBE72}.Debug|Any CPU.ActiveCfg = Debug|Any CPU
		{4B4A13D3-E006-41BA-B72C-B5DAD14EBE72}.Debug|Any CPU.Build.0 = Debug|Any CPU
		{4B4A13D3-E006-41BA-B72C-B5DAD14EBE72}.Debug|x64.ActiveCfg = Debug|Any CPU
		{4B4A13D3-E006-41BA-B72C-B5DAD14EBE72}.Debug|x64.Build.0 = Debug|Any CPU
		{4B4A13D3-E006-41BA-B72C-B5DAD14EBE72}.Debug|x86.ActiveCfg = Debug|Any CPU
		{4B4A13D3-E006-41BA-B72C-B5DAD14EBE72}.Debug|x86.Build.0 = Debug|Any CPU
		{4B4A13D3-E006-41BA-B72C-B5DAD14EBE72}.Release|Any CPU.ActiveCfg = Release|Any CPU
		{4B4A13D3-E006-41BA-B72C-B5DAD14EBE72}.Release|Any CPU.Build.0 = Release|Any CPU
		{4B4A13D3-E006-41BA-B72C-B5DAD14EBE72}.Release|x64.ActiveCfg = Release|Any CPU
		{4B4A13D3-E006-41BA-B72C-B5DAD14EBE72}.Release|x64.Build.0 = Release|Any CPU
		{4B4A13D3-E006-41BA-B72C-B5DAD14EBE72}.Release|x86.ActiveCfg = Release|Any CPU
		{4B4A13D3-E006-41BA-B72C-B5DAD14EBE72}.Release|x86.Build.0 = Release|Any CPU
		{DBA863C3-131A-4AEE-8EF1-21C1065A39A3}.Debug|Any CPU.ActiveCfg = Debug|Any CPU
		{DBA863C3-131A-4AEE-8EF1-21C1065A39A3}.Debug|Any CPU.Build.0 = Debug|Any CPU
		{DBA863C3-131A-4AEE-8EF1-21C1065A39A3}.Debug|x64.ActiveCfg = Debug|Any CPU
		{DBA863C3-131A-4AEE-8EF1-21C1065A39A3}.Debug|x64.Build.0 = Debug|Any CPU
		{DBA863C3-131A-4AEE-8EF1-21C1065A39A3}.Debug|x86.ActiveCfg = Debug|Any CPU
		{DBA863C3-131A-4AEE-8EF1-21C1065A39A3}.Debug|x86.Build.0 = Debug|Any CPU
		{DBA863C3-131A-4AEE-8EF1-21C1065A39A3}.Release|Any CPU.ActiveCfg = Release|Any CPU
		{DBA863C3-131A-4AEE-8EF1-21C1065A39A3}.Release|Any CPU.Build.0 = Release|Any CPU
		{DBA863C3-131A-4AEE-8EF1-21C1065A39A3}.Release|x64.ActiveCfg = Release|Any CPU
		{DBA863C3-131A-4AEE-8EF1-21C1065A39A3}.Release|x64.Build.0 = Release|Any CPU
		{DBA863C3-131A-4AEE-8EF1-21C1065A39A3}.Release|x86.ActiveCfg = Release|Any CPU
		{DBA863C3-131A-4AEE-8EF1-21C1065A39A3}.Release|x86.Build.0 = Release|Any CPU
	EndGlobalSection
	GlobalSection(NestedProjects) = preSolution
		{4B4A13D3-E006-41BA-B72C-B5DAD14EBE72} = {701EEBC9-3333-46A7-9EC9-97FA07BCD904}
		{DBA863C3-131A-4AEE-8EF1-21C1065A39A3} = {D40A41F9-8EB1-47F9-B0E5-43603077B8F6}
	EndGlobalSection
EndGlobal
